// !$*UTF8*$!
{
	archiveVersion = 1;
	classes = {
	};
	objectVersion = 46;
	objects = {

/* Begin PBXBuildFile section */
		20E0A1251AAF3CF10031BAF1 /* AppDelegate.swift in Sources */ = {isa = PBXBuildFile; fileRef = 20E0A1241AAF3CF10031BAF1 /* AppDelegate.swift */; };
		20E0A1271AAF3CF10031BAF1 /* ViewController.swift in Sources */ = {isa = PBXBuildFile; fileRef = 20E0A1261AAF3CF10031BAF1 /* ViewController.swift */; };
		20E0A12A1AAF3CF10031BAF1 /* Main.storyboard in Resources */ = {isa = PBXBuildFile; fileRef = 20E0A1281AAF3CF10031BAF1 /* Main.storyboard */; };
		20E0A12C1AAF3CF10031BAF1 /* Images.xcassets in Resources */ = {isa = PBXBuildFile; fileRef = 20E0A12B1AAF3CF10031BAF1 /* Images.xcassets */; };
		20E0A12F1AAF3CF10031BAF1 /* LaunchScreen.xib in Resources */ = {isa = PBXBuildFile; fileRef = 20E0A12D1AAF3CF10031BAF1 /* LaunchScreen.xib */; };
		20E0A13B1AAF3CF10031BAF1 /* AppleWatchHeartBeatTests.swift in Sources */ = {isa = PBXBuildFile; fileRef = 20E0A13A1AAF3CF10031BAF1 /* AppleWatchHeartBeatTests.swift */; };
/* End PBXBuildFile section */

/* Begin PBXContainerItemProxy section */
		20E0A1351AAF3CF10031BAF1 /* PBXContainerItemProxy */ = {
			isa = PBXContainerItemProxy;
			containerPortal = 20E0A1171AAF3CF10031BAF1 /* Project object */;
			proxyType = 1;
			remoteGlobalIDString = 20E0A11E1AAF3CF10031BAF1;
			remoteInfo = AppleWatchHeartBeat;
		};
/* End PBXContainerItemProxy section */

/* Begin PBXFileReference section */
		20E0A11F1AAF3CF10031BAF1 /* AppleWatchHeartBeat.app */ = {isa = PBXFileReference; explicitFileType = wrapper.application; includeInIndex = 0; path = AppleWatchHeartBeat.app; sourceTree = BUILT_PRODUCTS_DIR; };
		20E0A1231AAF3CF10031BAF1 /* Info.plist */ = {isa = PBXFileReference; lastKnownFileType = text.plist.xml; path = Info.plist; sourceTree = "<group>"; };
		20E0A1241AAF3CF10031BAF1 /* AppDelegate.swift */ = {isa = PBXFileReference; lastKnownFileType = sourcecode.swift; path = AppDelegate.swift; sourceTree = "<group>"; };
		20E0A1261AAF3CF10031BAF1 /* ViewController.swift */ = {isa = PBXFileReference; lastKnownFileType = sourcecode.swift; path = ViewController.swift; sourceTree = "<group>"; };
		20E0A1291AAF3CF10031BAF1 /* Base */ = {isa = PBXFileReference; lastKnownFileType = file.storyboard; name = Base; path = Base.lproj/Main.storyboard; sourceTree = "<group>"; };
		20E0A12B1AAF3CF10031BAF1 /* Images.xcassets */ = {isa = PBXFileReference; lastKnownFileType = folder.assetcatalog; path = Images.xcassets; sourceTree = "<group>"; };
		20E0A12E1AAF3CF10031BAF1 /* Base */ = {isa = PBXFileReference; lastKnownFileType = file.xib; name = Base; path = Base.lproj/LaunchScreen.xib; sourceTree = "<group>"; };
		20E0A1341AAF3CF10031BAF1 /* AppleWatchHeartBeatTests.xctest */ = {isa = PBXFileReference; explicitFileType = wrapper.cfbundle; includeInIndex = 0; path = AppleWatchHeartBeatTests.xctest; sourceTree = BUILT_PRODUCTS_DIR; };
		20E0A1391AAF3CF10031BAF1 /* Info.plist */ = {isa = PBXFileReference; lastKnownFileType = text.plist.xml; path = Info.plist; sourceTree = "<group>"; };
		20E0A13A1AAF3CF10031BAF1 /* AppleWatchHeartBeatTests.swift */ = {isa = PBXFileReference; lastKnownFileType = sourcecode.swift; path = AppleWatchHeartBeatTests.swift; sourceTree = "<group>"; };
/* End PBXFileReference section */

/* Begin PBXFrameworksBuildPhase section */
		20E0A11C1AAF3CF10031BAF1 /* Frameworks */ = {
			isa = PBXFrameworksBuildPhase;
			buildActionMask = 2147483647;
			files = (
			);
			runOnlyForDeploymentPostprocessing = 0;
		};
		20E0A1311AAF3CF10031BAF1 /* Frameworks */ = {
			isa = PBXFrameworksBuildPhase;
			buildActionMask = 2147483647;
			files = (
			);
			runOnlyForDeploymentPostprocessing = 0;
		};
/* End PBXFrameworksBuildPhase section */

/* Begin PBXGroup section */
		20E0A1161AAF3CF10031BAF1 = {
			isa = PBXGroup;
			children = (
				20E0A1211AAF3CF10031BAF1 /* AppleWatchHeartBeat */,
				20E0A1371AAF3CF10031BAF1 /* AppleWatchHeartBeatTests */,
				20E0A1201AAF3CF10031BAF1 /* Products */,
			);
			sourceTree = "<group>";
		};
		20E0A1201AAF3CF10031BAF1 /* Products */ = {
			isa = PBXGroup;
			children = (
				20E0A11F1AAF3CF10031BAF1 /* AppleWatchHeartBeat.app */,
				20E0A1341AAF3CF10031BAF1 /* AppleWatchHeartBeatTests.xctest */,
			);
			name = Products;
			sourceTree = "<group>";
		};
		20E0A1211AAF3CF10031BAF1 /* AppleWatchHeartBeat */ = {
			isa = PBXGroup;
			children = (
				20E0A1241AAF3CF10031BAF1 /* AppDelegate.swift */,
				20E0A1261AAF3CF10031BAF1 /* ViewController.swift */,
				20E0A1281AAF3CF10031BAF1 /* Main.storyboard */,
				20E0A12B1AAF3CF10031BAF1 /* Images.xcassets */,
				20E0A12D1AAF3CF10031BAF1 /* LaunchScreen.xib */,
				20E0A1221AAF3CF10031BAF1 /* Supporting Files */,
			);
			path = AppleWatchHeartBeat;
			sourceTree = "<group>";
		};
		20E0A1221AAF3CF10031BAF1 /* Supporting Files */ = {
			isa = PBXGroup;
			children = (
				20E0A1231AAF3CF10031BAF1 /* Info.plist */,
			);
			name = "Supporting Files";
			sourceTree = "<group>";
		};
		20E0A1371AAF3CF10031BAF1 /* AppleWatchHeartBeatTests */ = {
			isa = PBXGroup;
			children = (
				20E0A13A1AAF3CF10031BAF1 /* AppleWatchHeartBeatTests.swift */,
				20E0A1381AAF3CF10031BAF1 /* Supporting Files */,
			);
			path = AppleWatchHeartBeatTests;
			sourceTree = "<group>";
		};
		20E0A1381AAF3CF10031BAF1 /* Supporting Files */ = {
			isa = PBXGroup;
			children = (
				20E0A1391AAF3CF10031BAF1 /* Info.plist */,
			);
			name = "Supporting Files";
			sourceTree = "<group>";
		};
/* End PBXGroup section */

/* Begin PBXNativeTarget section */
		20E0A11E1AAF3CF10031BAF1 /* AppleWatchHeartBeat */ = {
			isa = PBXNativeTarget;
			buildConfigurationList = 20E0A13E1AAF3CF10031BAF1 /* Build configuration list for PBXNativeTarget "AppleWatchHeartBeat" */;
			buildPhases = (
				20E0A11B1AAF3CF10031BAF1 /* Sources */,
				20E0A11C1AAF3CF10031BAF1 /* Frameworks */,
				20E0A11D1AAF3CF10031BAF1 /* Resources */,
			);
			buildRules = (
			);
			dependencies = (
			);
			name = AppleWatchHeartBeat;
			productName = AppleWatchHeartBeat;
			productReference = 20E0A11F1AAF3CF10031BAF1 /* AppleWatchHeartBeat.app */;
			productType = "com.apple.product-type.application";
		};
		20E0A1331AAF3CF10031BAF1 /* AppleWatchHeartBeatTests */ = {
			isa = PBXNativeTarget;
			buildConfigurationList = 20E0A1411AAF3CF10031BAF1 /* Build configuration list for PBXNativeTarget "AppleWatchHeartBeatTests" */;
			buildPhases = (
				20E0A1301AAF3CF10031BAF1 /* Sources */,
				20E0A1311AAF3CF10031BAF1 /* Frameworks */,
				20E0A1321AAF3CF10031BAF1 /* Resources */,
			);
			buildRules = (
			);
			dependencies = (
				20E0A1361AAF3CF10031BAF1 /* PBXTargetDependency */,
			);
			name = AppleWatchHeartBeatTests;
			productName = AppleWatchHeartBeatTests;
			productReference = 20E0A1341AAF3CF10031BAF1 /* AppleWatchHeartBeatTests.xctest */;
			productType = "com.apple.product-type.bundle.unit-test";
		};
/* End PBXNativeTarget section */

/* Begin PBXProject section */
		20E0A1171AAF3CF10031BAF1 /* Project object */ = {
			isa = PBXProject;
			attributes = {
				LastUpgradeCheck = 0620;
				ORGANIZATIONNAME = "Yu Yokoyama";
				TargetAttributes = {
					20E0A11E1AAF3CF10031BAF1 = {
						CreatedOnToolsVersion = 6.2;
					};
					20E0A1331AAF3CF10031BAF1 = {
						CreatedOnToolsVersion = 6.2;
						TestTargetID = 20E0A11E1AAF3CF10031BAF1;
					};
				};
			};
			buildConfigurationList = 20E0A11A1AAF3CF10031BAF1 /* Build configuration list for PBXProject "AppleWatchHeartBeat" */;
			compatibilityVersion = "Xcode 3.2";
			developmentRegion = English;
			hasScannedForEncodings = 0;
			knownRegions = (
				en,
				Base,
			);
			mainGroup = 20E0A1161AAF3CF10031BAF1;
			productRefGroup = 20E0A1201AAF3CF10031BAF1 /* Products */;
			projectDirPath = "";
			projectRoot = "";
			targets = (
				20E0A11E1AAF3CF10031BAF1 /* AppleWatchHeartBeat */,
				20E0A1331AAF3CF10031BAF1 /* AppleWatchHeartBeatTests */,
			);
		};
/* End PBXProject section */

/* Begin PBXResourcesBuildPhase section */
		20E0A11D1AAF3CF10031BAF1 /* Resources */ = {
			isa = PBXResourcesBuildPhase;
			buildActionMask = 2147483647;
			files = (
				20E0A12A1AAF3CF10031BAF1 /* Main.storyboard in Resources */,
				20E0A12F1AAF3CF10031BAF1 /* LaunchScreen.xib in Resources */,
				20E0A12C1AAF3CF10031BAF1 /* Images.xcassets in Resources */,
			);
			runOnlyForDeploymentPostprocessing = 0;
		};
		20E0A1321AAF3CF10031BAF1 /* Resources */ = {
			isa = PBXResourcesBuildPhase;
			buildActionMask = 2147483647;
			files = (
			);
			runOnlyForDeploymentPostprocessing = 0;
		};
/* End PBXResourcesBuildPhase section */

/* Begin PBXSourcesBuildPhase section */
		20E0A11B1AAF3CF10031BAF1 /* Sources */ = {
			isa = PBXSourcesBuildPhase;
			buildActionMask = 2147483647;
			files = (
				20E0A1271AAF3CF10031BAF1 /* ViewController.swift in Sources */,
				20E0A1251AAF3CF10031BAF1 /* AppDelegate.swift in Sources */,
			);
			runOnlyForDeploymentPostprocessing = 0;
		};
		20E0A1301AAF3CF10031BAF1 /* Sources */ = {
			isa = PBXSourcesBuildPhase;
			buildActionMask = 2147483647;
			files = (
				20E0A13B1AAF3CF10031BAF1 /* AppleWatchHeartBeatTests.swift in Sources */,
			);
			runOnlyForDeploymentPostprocessing = 0;
		};
/* End PBXSourcesBuildPhase section */

/* Begin PBXTargetDependency section */
		20E0A1361AAF3CF10031BAF1 /* PBXTargetDependency */ = {
			isa = PBXTargetDependency;
			target = 20E0A11E1AAF3CF10031BAF1 /* AppleWatchHeartBeat */;
			targetProxy = 20E0A1351AAF3CF10031BAF1 /* PBXContainerItemProxy */;
		};
/* End PBXTargetDependency section */

/* Begin PBXVariantGroup section */
		20E0A1281AAF3CF10031BAF1 /* Main.storyboard */ = {
			isa = PBXVariantGroup;
			children = (
				20E0A1291AAF3CF10031BAF1 /* Base */,
			);
			name = Main.storyboard;
			sourceTree = "<group>";
		};
		20E0A12D1AAF3CF10031BAF1 /* LaunchScreen.xib */ = {
			isa = PBXVariantGroup;
			children = (
				20E0A12E1AAF3CF10031BAF1 /* Base */,
			);
			name = LaunchScreen.xib;
			sourceTree = "<group>";
		};
/* End PBXVariantGroup section */

/* Begin XCBuildConfiguration section */
		20E0A13C1AAF3CF10031BAF1 /* Debug */ = {
			isa = XCBuildConfiguration;
			buildSettings = {
				ALWAYS_SEARCH_USER_PATHS = NO;
				CLANG_CXX_LANGUAGE_STANDARD = "gnu++0x";
				CLANG_CXX_LIBRARY = "libc++";
				CLANG_ENABLE_MODULES = YES;
				CLANG_ENABLE_OBJC_ARC = YES;
				CLANG_WARN_BOOL_CONVERSION = YES;
				CLANG_WARN_CONSTANT_CONVERSION = YES;
				CLANG_WARN_DIRECT_OBJC_ISA_USAGE = YES_ERROR;
				CLANG_WARN_EMPTY_BODY = YES;
				CLANG_WARN_ENUM_CONVERSION = YES;
				CLANG_WARN_INT_CONVERSION = YES;
				CLANG_WARN_OBJC_ROOT_CLASS = YES_ERROR;
				CLANG_WARN_UNREACHABLE_CODE = YES;
				CLANG_WARN__DUPLICATE_METHOD_MATCH = YES;
				"CODE_SIGN_IDENTITY[sdk=iphoneos*]" = "iPhone Developer";
				COPY_PHASE_STRIP = NO;
				ENABLE_STRICT_OBJC_MSGSEND = YES;
				GCC_C_LANGUAGE_STANDARD = gnu99;
				GCC_DYNAMIC_NO_PIC = NO;
				GCC_OPTIMIZATION_LEVEL = 0;
				GCC_PREPROCESSOR_DEFINITIONS = (
					"DEBUG=1",
					"$(inherited)",
				);
				GCC_SYMBOLS_PRIVATE_EXTERN = NO;
				GCC_WARN_64_TO_32_BIT_CONVERSION = YES;
				GCC_WARN_ABOUT_RETURN_TYPE = YES_ERROR;
				GCC_WARN_UNDECLARED_SELECTOR = YES;
				GCC_WARN_UNINITIALIZED_AUTOS = YES_AGGRESSIVE;
				GCC_WARN_UNUSED_FUNCTION = YES;
				GCC_WARN_UNUSED_VARIABLE = YES;
				IPHONEOS_DEPLOYMENT_TARGET = 8.2;
				MTL_ENABLE_DEBUG_INFO = YES;
				ONLY_ACTIVE_ARCH = YES;
				SDKROOT = iphoneos;
				SWIFT_OPTIMIZATION_LEVEL = "-Onone";
			};
			name = Debug;
		};
		20E0A13D1AAF3CF10031BAF1 /* Release */ = {
			isa = XCBuildConfiguration;
			buildSettings = {
				ALWAYS_SEARCH_USER_PATHS = NO;
				CLANG_CXX_LANGUAGE_STANDARD = "gnu++0x";
				CLANG_CXX_LIBRARY = "libc++";
				CLANG_ENABLE_MODULES = YES;
				CLANG_ENABLE_OBJC_ARC = YES;
				CLANG_WARN_BOOL_CONVERSION = YES;
				CLANG_WARN_CONSTANT_CONVERSION = YES;
				CLANG_WARN_DIRECT_OBJC_ISA_USAGE = YES_ERROR;
				CLANG_WARN_EMPTY_BODY = YES;
				CLANG_WARN_ENUM_CONVERSION = YES;
				CLANG_WARN_INT_CONVERSION = YES;
				CLANG_WARN_OBJC_ROOT_CLASS = YES_ERROR;
				CLANG_WARN_UNREACHABLE_CODE = YES;
				CLANG_WARN__DUPLICATE_METHOD_MATCH = YES;
				"CODE_SIGN_IDENTITY[sdk=iphoneos*]" = "iPhone Developer";
				COPY_PHASE_STRIP = NO;
				ENABLE_NS_ASSERTIONS = NO;
				ENABLE_STRICT_OBJC_MSGSEND = YES;
				GCC_C_LANGUAGE_STANDARD = gnu99;
				GCC_WARN_64_TO_32_BIT_CONVERSION = YES;
				GCC_WARN_ABOUT_RETURN_TYPE = YES_ERROR;
				GCC_WARN_UNDECLARED_SELECTOR = YES;
				GCC_WARN_UNINITIALIZED_AUTOS = YES_AGGRESSIVE;
				GCC_WARN_UNUSED_FUNCTION = YES;
				GCC_WARN_UNUSED_VARIABLE = YES;
				IPHONEOS_DEPLOYMENT_TARGET = 8.2;
				MTL_ENABLE_DEBUG_INFO = NO;
				SDKROOT = iphoneos;
				VALIDATE_PRODUCT = YES;
			};
			name = Release;
		};
		20E0A13F1AAF3CF10031BAF1 /* Debug */ = {
			isa = XCBuildConfiguration;
			buildSettings = {
				ASSETCATALOG_COMPILER_APPICON_NAME = AppIcon;
				INFOPLIST_FILE = AppleWatchHeartBeat/Info.plist;
				LD_RUNPATH_SEARCH_PATHS = "$(inherited) @executable_path/Frameworks";
				PRODUCT_NAME = "$(TARGET_NAME)";
			};
			name = Debug;
		};
		20E0A1401AAF3CF10031BAF1 /* Release */ = {
			isa = XCBuildConfiguration;
			buildSettings = {
				ASSETCATALOG_COMPILER_APPICON_NAME = AppIcon;
				INFOPLIST_FILE = AppleWatchHeartBeat/Info.plist;
				LD_RUNPATH_SEARCH_PATHS = "$(inherited) @executable_path/Frameworks";
				PRODUCT_NAME = "$(TARGET_NAME)";
			};
			name = Release;
		};
		20E0A1421AAF3CF10031BAF1 /* Debug */ = {
			isa = XCBuildConfiguration;
			buildSettings = {
				BUNDLE_LOADER = "$(TEST_HOST)";
				FRAMEWORK_SEARCH_PATHS = (
					"$(SDKROOT)/Developer/Library/Frameworks",
					"$(inherited)",
				);
				GCC_PREPROCESSOR_DEFINITIONS = (
					"DEBUG=1",
					"$(inherited)",
				);
				INFOPLIST_FILE = AppleWatchHeartBeatTests/Info.plist;
				LD_RUNPATH_SEARCH_PATHS = "$(inherited) @executable_path/Frameworks @loader_path/Frameworks";
				PRODUCT_NAME = "$(TARGET_NAME)";
				TEST_HOST = "$(BUILT_PRODUCTS_DIR)/AppleWatchHeartBeat.app/AppleWatchHeartBeat";
			};
			name = Debug;
		};
		20E0A1431AAF3CF10031BAF1 /* Release */ = {
			isa = XCBuildConfiguration;
			buildSettings = {
				BUNDLE_LOADER = "$(TEST_HOST)";
				FRAMEWORK_SEARCH_PATHS = (
					"$(SDKROOT)/Developer/Library/Frameworks",
					"$(inherited)",
				);
				INFOPLIST_FILE = AppleWatchHeartBeatTests/Info.plist;
				LD_RUNPATH_SEARCH_PATHS = "$(inherited) @executable_path/Frameworks @loader_path/Frameworks";
				PRODUCT_NAME = "$(TARGET_NAME)";
				TEST_HOST = "$(BUILT_PRODUCTS_DIR)/AppleWatchHeartBeat.app/AppleWatchHeartBeat";
			};
			name = Release;
		};
/* End XCBuildConfiguration section */

/* Begin XCConfigurationList section */
		20E0A11A1AAF3CF10031BAF1 /* Build configuration list for PBXProject "AppleWatchHeartBeat" */ = {
			isa = XCConfigurationList;
			buildConfigurations = (
				20E0A13C1AAF3CF10031BAF1 /* Debug */,
				20E0A13D1AAF3CF10031BAF1 /* Release */,
			);
			defaultConfigurationIsVisible = 0;
			defaultConfigurationName = Release;
		};
		20E0A13E1AAF3CF10031BAF1 /* Build configuration list for PBXNativeTarget "AppleWatchHeartBeat" */ = {
			isa = XCConfigurationList;
			buildConfigurations = (
				20E0A13F1AAF3CF10031BAF1 /* Debug */,
				20E0A1401AAF3CF10031BAF1 /* Release */,
			);
			defaultConfigurationIsVisible = 0;
		};
		20E0A1411AAF3CF10031BAF1 /* Build configuration list for PBXNativeTarget "AppleWatchHeartBeatTests" */ = {
			isa = XCConfigurationList;
			buildConfigurations = (
				20E0A1421AAF3CF10031BAF1 /* Debug */,
				20E0A1431AAF3CF10031BAF1 /* Release */,
			);
			defaultConfigurationIsVisible = 0;
		};
/* End XCConfigurationList section */
	};
	rootObject = 20E0A1171AAF3CF10031BAF1 /* Project object */;
}
