// !$*UTF8*$!
{
	archiveVersion = 1;
	classes = {
	};
	objectVersion = 46;
	objects = {

/* Begin PBXBuildFile section */
		20E0A1251AAF3CF10031BAF1 /* AppDelegate.swift in Sources */ = {isa = PBXBuildFile; fileRef = 20E0A1241AAF3CF10031BAF1 /* AppDelegate.swift */; };
		20E0A1271AAF3CF10031BAF1 /* ViewController.swift in Sources */ = {isa = PBXBuildFile; fileRef = 20E0A1261AAF3CF10031BAF1 /* ViewController.swift */; };
		20E0A12A1AAF3CF10031BAF1 /* Main.storyboard in Resources */ = {isa = PBXBuildFile; fileRef = 20E0A1281AAF3CF10031BAF1 /* Main.storyboard */; };
		20E0A12C1AAF3CF10031BAF1 /* Images.xcassets in Resources */ = {isa = PBXBuildFile; fileRef = 20E0A12B1AAF3CF10031BAF1 /* Images.xcassets */; };
		20E0A12F1AAF3CF10031BAF1 /* LaunchScreen.xib in Resources */ = {isa = PBXBuildFile; fileRef = 20E0A12D1AAF3CF10031BAF1 /* LaunchScreen.xib */; };
		20E0A13B1AAF3CF10031BAF1 /* AppleWatchHeartBeatTests.swift in Sources */ = {isa = PBXBuildFile; fileRef = 20E0A13A1AAF3CF10031BAF1 /* AppleWatchHeartBeatTests.swift */; };
		20E0A14E1AAF3D920031BAF1 /* InterfaceController.swift in Sources */ = {isa = PBXBuildFile; fileRef = 20E0A14D1AAF3D920031BAF1 /* InterfaceController.swift */; };
		20E0A1501AAF3D920031BAF1 /* NotificationController.swift in Sources */ = {isa = PBXBuildFile; fileRef = 20E0A14F1AAF3D920031BAF1 /* NotificationController.swift */; };
		20E0A1521AAF3D920031BAF1 /* Images.xcassets in Resources */ = {isa = PBXBuildFile; fileRef = 20E0A1511AAF3D920031BAF1 /* Images.xcassets */; };
		20E0A1561AAF3D920031BAF1 /* AppleWatchHeartBeat WatchKit App.app in Resources */ = {isa = PBXBuildFile; fileRef = 20E0A1551AAF3D920031BAF1 /* AppleWatchHeartBeat WatchKit App.app */; };
		20E0A15E1AAF3D930031BAF1 /* Interface.storyboard in Resources */ = {isa = PBXBuildFile; fileRef = 20E0A15C1AAF3D930031BAF1 /* Interface.storyboard */; };
		20E0A1601AAF3D930031BAF1 /* Images.xcassets in Resources */ = {isa = PBXBuildFile; fileRef = 20E0A15F1AAF3D930031BAF1 /* Images.xcassets */; };
		20E0A1631AAF3D930031BAF1 /* AppleWatchHeartBeat WatchKit Extension.appex in Embed App Extensions */ = {isa = PBXBuildFile; fileRef = 20E0A1481AAF3D920031BAF1 /* AppleWatchHeartBeat WatchKit Extension.appex */; settings = {ATTRIBUTES = (RemoveHeadersOnCopy, ); }; };
		20E0A16D1AAF3DB40031BAF1 /* HealthKit.framework in Frameworks */ = {isa = PBXBuildFile; fileRef = 20E0A16C1AAF3DB40031BAF1 /* HealthKit.framework */; };
		20E0A16F1AAF3DC50031BAF1 /* HealthKit.framework in Frameworks */ = {isa = PBXBuildFile; fileRef = 20E0A16C1AAF3DB40031BAF1 /* HealthKit.framework */; };
		C34829581AAFF2DF00E2542F /* Node.swift in Sources */ = {isa = PBXBuildFile; fileRef = C34829571AAFF2DF00E2542F /* Node.swift */; };
		C348295D1AAFF4AD00E2542F /* MapConfig.swift in Sources */ = {isa = PBXBuildFile; fileRef = C348295C1AAFF4AD00E2542F /* MapConfig.swift */; };
		C365DF201AAFD77F000ABF21 /* DrawUtil.swift in Sources */ = {isa = PBXBuildFile; fileRef = C365DF1F1AAFD77F000ABF21 /* DrawUtil.swift */; };
		C365DF231AAFDACB000ABF21 /* MapModel.swift in Sources */ = {isa = PBXBuildFile; fileRef = C365DF221AAFDACB000ABF21 /* MapModel.swift */; };
		C365DF271AAFE93C000ABF21 /* AloeEase.swift in Sources */ = {isa = PBXBuildFile; fileRef = C365DF261AAFE93C000ABF21 /* AloeEase.swift */; };
		C365DF291AAFE955000ABF21 /* AloeTween.swift in Sources */ = {isa = PBXBuildFile; fileRef = C365DF281AAFE955000ABF21 /* AloeTween.swift */; };
		C365DF2B1AAFE971000ABF21 /* Twen.swift in Sources */ = {isa = PBXBuildFile; fileRef = C365DF2A1AAFE971000ABF21 /* Twen.swift */; };
		C37FDA651AAFEC78003AE3F1 /* MapDelegate.swift in Sources */ = {isa = PBXBuildFile; fileRef = C37FDA641AAFEC78003AE3F1 /* MapDelegate.swift */; };
/* End PBXBuildFile section */

/* Begin PBXContainerItemProxy section */
		20E0A1351AAF3CF10031BAF1 /* PBXContainerItemProxy */ = {
			isa = PBXContainerItemProxy;
			containerPortal = 20E0A1171AAF3CF10031BAF1 /* Project object */;
			proxyType = 1;
			remoteGlobalIDString = 20E0A11E1AAF3CF10031BAF1;
			remoteInfo = AppleWatchHeartBeat;
		};
		20E0A1571AAF3D920031BAF1 /* PBXContainerItemProxy */ = {
			isa = PBXContainerItemProxy;
			containerPortal = 20E0A1171AAF3CF10031BAF1 /* Project object */;
			proxyType = 1;
			remoteGlobalIDString = 20E0A1541AAF3D920031BAF1;
			remoteInfo = "AppleWatchHeartBeat WatchKit App";
		};
		20E0A1611AAF3D930031BAF1 /* PBXContainerItemProxy */ = {
			isa = PBXContainerItemProxy;
			containerPortal = 20E0A1171AAF3CF10031BAF1 /* Project object */;
			proxyType = 1;
			remoteGlobalIDString = 20E0A1471AAF3D920031BAF1;
			remoteInfo = "AppleWatchHeartBeat WatchKit Extension";
		};
/* End PBXContainerItemProxy section */

/* Begin PBXCopyFilesBuildPhase section */
		20E0A16A1AAF3D930031BAF1 /* Embed App Extensions */ = {
			isa = PBXCopyFilesBuildPhase;
			buildActionMask = 2147483647;
			dstPath = "";
			dstSubfolderSpec = 13;
			files = (
				20E0A1631AAF3D930031BAF1 /* AppleWatchHeartBeat WatchKit Extension.appex in Embed App Extensions */,
			);
			name = "Embed App Extensions";
			runOnlyForDeploymentPostprocessing = 0;
		};
/* End PBXCopyFilesBuildPhase section */

/* Begin PBXFileReference section */
		20E0A11F1AAF3CF10031BAF1 /* AppleWatchHeartBeat.app */ = {isa = PBXFileReference; explicitFileType = wrapper.application; includeInIndex = 0; path = AppleWatchHeartBeat.app; sourceTree = BUILT_PRODUCTS_DIR; };
		20E0A1231AAF3CF10031BAF1 /* Info.plist */ = {isa = PBXFileReference; lastKnownFileType = text.plist.xml; path = Info.plist; sourceTree = "<group>"; };
		20E0A1241AAF3CF10031BAF1 /* AppDelegate.swift */ = {isa = PBXFileReference; lastKnownFileType = sourcecode.swift; path = AppDelegate.swift; sourceTree = "<group>"; };
		20E0A1261AAF3CF10031BAF1 /* ViewController.swift */ = {isa = PBXFileReference; lastKnownFileType = sourcecode.swift; path = ViewController.swift; sourceTree = "<group>"; };
		20E0A1291AAF3CF10031BAF1 /* Base */ = {isa = PBXFileReference; lastKnownFileType = file.storyboard; name = Base; path = Base.lproj/Main.storyboard; sourceTree = "<group>"; };
		20E0A12B1AAF3CF10031BAF1 /* Images.xcassets */ = {isa = PBXFileReference; lastKnownFileType = folder.assetcatalog; path = Images.xcassets; sourceTree = "<group>"; };
		20E0A12E1AAF3CF10031BAF1 /* Base */ = {isa = PBXFileReference; lastKnownFileType = file.xib; name = Base; path = Base.lproj/LaunchScreen.xib; sourceTree = "<group>"; };
		20E0A1341AAF3CF10031BAF1 /* AppleWatchHeartBeatTests.xctest */ = {isa = PBXFileReference; explicitFileType = wrapper.cfbundle; includeInIndex = 0; path = AppleWatchHeartBeatTests.xctest; sourceTree = BUILT_PRODUCTS_DIR; };
		20E0A1391AAF3CF10031BAF1 /* Info.plist */ = {isa = PBXFileReference; lastKnownFileType = text.plist.xml; path = Info.plist; sourceTree = "<group>"; };
		20E0A13A1AAF3CF10031BAF1 /* AppleWatchHeartBeatTests.swift */ = {isa = PBXFileReference; lastKnownFileType = sourcecode.swift; path = AppleWatchHeartBeatTests.swift; sourceTree = "<group>"; };
		20E0A1481AAF3D920031BAF1 /* AppleWatchHeartBeat WatchKit Extension.appex */ = {isa = PBXFileReference; explicitFileType = "wrapper.app-extension"; includeInIndex = 0; path = "AppleWatchHeartBeat WatchKit Extension.appex"; sourceTree = BUILT_PRODUCTS_DIR; };
		20E0A14B1AAF3D920031BAF1 /* Info.plist */ = {isa = PBXFileReference; lastKnownFileType = text.plist.xml; path = Info.plist; sourceTree = "<group>"; };
		20E0A14C1AAF3D920031BAF1 /* PushNotificationPayload.apns */ = {isa = PBXFileReference; lastKnownFileType = text; path = PushNotificationPayload.apns; sourceTree = "<group>"; };
		20E0A14D1AAF3D920031BAF1 /* InterfaceController.swift */ = {isa = PBXFileReference; lastKnownFileType = sourcecode.swift; path = InterfaceController.swift; sourceTree = "<group>"; };
		20E0A14F1AAF3D920031BAF1 /* NotificationController.swift */ = {isa = PBXFileReference; lastKnownFileType = sourcecode.swift; path = NotificationController.swift; sourceTree = "<group>"; };
		20E0A1511AAF3D920031BAF1 /* Images.xcassets */ = {isa = PBXFileReference; lastKnownFileType = folder.assetcatalog; path = Images.xcassets; sourceTree = "<group>"; };
		20E0A1551AAF3D920031BAF1 /* AppleWatchHeartBeat WatchKit App.app */ = {isa = PBXFileReference; explicitFileType = wrapper.application; includeInIndex = 0; path = "AppleWatchHeartBeat WatchKit App.app"; sourceTree = BUILT_PRODUCTS_DIR; };
		20E0A15B1AAF3D930031BAF1 /* Info.plist */ = {isa = PBXFileReference; lastKnownFileType = text.plist.xml; path = Info.plist; sourceTree = "<group>"; };
		20E0A15D1AAF3D930031BAF1 /* Base */ = {isa = PBXFileReference; lastKnownFileType = file.storyboard; name = Base; path = Base.lproj/Interface.storyboard; sourceTree = "<group>"; };
		20E0A15F1AAF3D930031BAF1 /* Images.xcassets */ = {isa = PBXFileReference; lastKnownFileType = folder.assetcatalog; path = Images.xcassets; sourceTree = "<group>"; };
		20E0A16B1AAF3DA90031BAF1 /* AppleWatchHeartBeat.entitlements */ = {isa = PBXFileReference; lastKnownFileType = text.xml; path = AppleWatchHeartBeat.entitlements; sourceTree = "<group>"; };
		20E0A16C1AAF3DB40031BAF1 /* HealthKit.framework */ = {isa = PBXFileReference; lastKnownFileType = wrapper.framework; name = HealthKit.framework; path = System/Library/Frameworks/HealthKit.framework; sourceTree = SDKROOT; };
		20E0A16E1AAF3DC30031BAF1 /* AppleWatchHeartBeat WatchKit Extension.entitlements */ = {isa = PBXFileReference; lastKnownFileType = text.xml; path = "AppleWatchHeartBeat WatchKit Extension.entitlements"; sourceTree = "<group>"; };
		C34829571AAFF2DF00E2542F /* Node.swift */ = {isa = PBXFileReference; fileEncoding = 4; lastKnownFileType = sourcecode.swift; path = Node.swift; sourceTree = "<group>"; };
		C348295C1AAFF4AD00E2542F /* MapConfig.swift */ = {isa = PBXFileReference; fileEncoding = 4; lastKnownFileType = sourcecode.swift; path = MapConfig.swift; sourceTree = "<group>"; };
		C365DF1F1AAFD77F000ABF21 /* DrawUtil.swift */ = {isa = PBXFileReference; fileEncoding = 4; lastKnownFileType = sourcecode.swift; path = DrawUtil.swift; sourceTree = "<group>"; };
		C365DF221AAFDACB000ABF21 /* MapModel.swift */ = {isa = PBXFileReference; fileEncoding = 4; lastKnownFileType = sourcecode.swift; path = MapModel.swift; sourceTree = "<group>"; };
		C365DF261AAFE93C000ABF21 /* AloeEase.swift */ = {isa = PBXFileReference; fileEncoding = 4; lastKnownFileType = sourcecode.swift; path = AloeEase.swift; sourceTree = "<group>"; };
		C365DF281AAFE955000ABF21 /* AloeTween.swift */ = {isa = PBXFileReference; fileEncoding = 4; lastKnownFileType = sourcecode.swift; path = AloeTween.swift; sourceTree = "<group>"; };
		C365DF2A1AAFE971000ABF21 /* Twen.swift */ = {isa = PBXFileReference; fileEncoding = 4; lastKnownFileType = sourcecode.swift; path = Twen.swift; sourceTree = "<group>"; };
		C37FDA641AAFEC78003AE3F1 /* MapDelegate.swift */ = {isa = PBXFileReference; fileEncoding = 4; lastKnownFileType = sourcecode.swift; path = MapDelegate.swift; sourceTree = "<group>"; };
/* End PBXFileReference section */

/* Begin PBXFrameworksBuildPhase section */
		20E0A11C1AAF3CF10031BAF1 /* Frameworks */ = {
			isa = PBXFrameworksBuildPhase;
			buildActionMask = 2147483647;
			files = (
				20E0A16D1AAF3DB40031BAF1 /* HealthKit.framework in Frameworks */,
			);
			runOnlyForDeploymentPostprocessing = 0;
		};
		20E0A1311AAF3CF10031BAF1 /* Frameworks */ = {
			isa = PBXFrameworksBuildPhase;
			buildActionMask = 2147483647;
			files = (
			);
			runOnlyForDeploymentPostprocessing = 0;
		};
		20E0A1451AAF3D920031BAF1 /* Frameworks */ = {
			isa = PBXFrameworksBuildPhase;
			buildActionMask = 2147483647;
			files = (
				20E0A16F1AAF3DC50031BAF1 /* HealthKit.framework in Frameworks */,
			);
			runOnlyForDeploymentPostprocessing = 0;
		};
/* End PBXFrameworksBuildPhase section */

/* Begin PBXGroup section */
		20E0A1161AAF3CF10031BAF1 = {
			isa = PBXGroup;
			children = (
				20E0A16C1AAF3DB40031BAF1 /* HealthKit.framework */,
				20E0A1211AAF3CF10031BAF1 /* AppleWatchHeartBeat */,
				20E0A1371AAF3CF10031BAF1 /* AppleWatchHeartBeatTests */,
				20E0A1491AAF3D920031BAF1 /* AppleWatchHeartBeat WatchKit Extension */,
				20E0A1591AAF3D920031BAF1 /* AppleWatchHeartBeat WatchKit App */,
				20E0A1201AAF3CF10031BAF1 /* Products */,
			);
			sourceTree = "<group>";
		};
		20E0A1201AAF3CF10031BAF1 /* Products */ = {
			isa = PBXGroup;
			children = (
				20E0A11F1AAF3CF10031BAF1 /* AppleWatchHeartBeat.app */,
				20E0A1341AAF3CF10031BAF1 /* AppleWatchHeartBeatTests.xctest */,
				20E0A1481AAF3D920031BAF1 /* AppleWatchHeartBeat WatchKit Extension.appex */,
				20E0A1551AAF3D920031BAF1 /* AppleWatchHeartBeat WatchKit App.app */,
			);
			name = Products;
			sourceTree = "<group>";
		};
		20E0A1211AAF3CF10031BAF1 /* AppleWatchHeartBeat */ = {
			isa = PBXGroup;
			children = (
				20E0A16B1AAF3DA90031BAF1 /* AppleWatchHeartBeat.entitlements */,
				20E0A1241AAF3CF10031BAF1 /* AppDelegate.swift */,
				20E0A1261AAF3CF10031BAF1 /* ViewController.swift */,
				20E0A1281AAF3CF10031BAF1 /* Main.storyboard */,
				20E0A12B1AAF3CF10031BAF1 /* Images.xcassets */,
				20E0A12D1AAF3CF10031BAF1 /* LaunchScreen.xib */,
				20E0A1221AAF3CF10031BAF1 /* Supporting Files */,
			);
			path = AppleWatchHeartBeat;
			sourceTree = "<group>";
		};
		20E0A1221AAF3CF10031BAF1 /* Supporting Files */ = {
			isa = PBXGroup;
			children = (
				20E0A1231AAF3CF10031BAF1 /* Info.plist */,
			);
			name = "Supporting Files";
			sourceTree = "<group>";
		};
		20E0A1371AAF3CF10031BAF1 /* AppleWatchHeartBeatTests */ = {
			isa = PBXGroup;
			children = (
				20E0A13A1AAF3CF10031BAF1 /* AppleWatchHeartBeatTests.swift */,
				20E0A1381AAF3CF10031BAF1 /* Supporting Files */,
			);
			path = AppleWatchHeartBeatTests;
			sourceTree = "<group>";
		};
		20E0A1381AAF3CF10031BAF1 /* Supporting Files */ = {
			isa = PBXGroup;
			children = (
				20E0A1391AAF3CF10031BAF1 /* Info.plist */,
			);
			name = "Supporting Files";
			sourceTree = "<group>";
		};
		20E0A1491AAF3D920031BAF1 /* AppleWatchHeartBeat WatchKit Extension */ = {
			isa = PBXGroup;
			children = (
				C348295B1AAFF47C00E2542F /* config */,
				C34829561AAFF2C700E2542F /* data */,
				C37FDA631AAFEC61003AE3F1 /* delegate */,
				C365DF241AAFDAE4000ABF21 /* lib */,
				C365DF211AAFDAB7000ABF21 /* model */,
				C365DF1E1AAFD758000ABF21 /* util */,
				20E0A16E1AAF3DC30031BAF1 /* AppleWatchHeartBeat WatchKit Extension.entitlements */,
				20E0A14D1AAF3D920031BAF1 /* InterfaceController.swift */,
				20E0A14F1AAF3D920031BAF1 /* NotificationController.swift */,
				20E0A1511AAF3D920031BAF1 /* Images.xcassets */,
				20E0A14A1AAF3D920031BAF1 /* Supporting Files */,
			);
			path = "AppleWatchHeartBeat WatchKit Extension";
			sourceTree = "<group>";
		};
		20E0A14A1AAF3D920031BAF1 /* Supporting Files */ = {
			isa = PBXGroup;
			children = (
				20E0A14B1AAF3D920031BAF1 /* Info.plist */,
				20E0A14C1AAF3D920031BAF1 /* PushNotificationPayload.apns */,
			);
			name = "Supporting Files";
			sourceTree = "<group>";
		};
		20E0A1591AAF3D920031BAF1 /* AppleWatchHeartBeat WatchKit App */ = {
			isa = PBXGroup;
			children = (
				20E0A15C1AAF3D930031BAF1 /* Interface.storyboard */,
				20E0A15F1AAF3D930031BAF1 /* Images.xcassets */,
				20E0A15A1AAF3D920031BAF1 /* Supporting Files */,
			);
			path = "AppleWatchHeartBeat WatchKit App";
			sourceTree = "<group>";
		};
		20E0A15A1AAF3D920031BAF1 /* Supporting Files */ = {
			isa = PBXGroup;
			children = (
				20E0A15B1AAF3D930031BAF1 /* Info.plist */,
			);
			name = "Supporting Files";
			sourceTree = "<group>";
		};
		C34829561AAFF2C700E2542F /* data */ = {
			isa = PBXGroup;
			children = (
				C34829571AAFF2DF00E2542F /* Node.swift */,
			);
			path = data;
			sourceTree = "<group>";
		};
		C348295B1AAFF47C00E2542F /* config */ = {
			isa = PBXGroup;
			children = (
				C348295C1AAFF4AD00E2542F /* MapConfig.swift */,
			);
			path = config;
			sourceTree = "<group>";
		};
		C365DF1E1AAFD758000ABF21 /* util */ = {
			isa = PBXGroup;
			children = (
				C365DF1F1AAFD77F000ABF21 /* DrawUtil.swift */,
				C365DF2A1AAFE971000ABF21 /* Twen.swift */,
			);
			path = util;
			sourceTree = "<group>";
		};
		C365DF211AAFDAB7000ABF21 /* model */ = {
			isa = PBXGroup;
			children = (
				C365DF221AAFDACB000ABF21 /* MapModel.swift */,
			);
			path = model;
			sourceTree = "<group>";
		};
		C365DF241AAFDAE4000ABF21 /* lib */ = {
			isa = PBXGroup;
			children = (
				C365DF251AAFDAF1000ABF21 /* tween */,
			);
			path = lib;
			sourceTree = "<group>";
		};
		C365DF251AAFDAF1000ABF21 /* tween */ = {
			isa = PBXGroup;
			children = (
				C365DF261AAFE93C000ABF21 /* AloeEase.swift */,
				C365DF281AAFE955000ABF21 /* AloeTween.swift */,
			);
			path = tween;
			sourceTree = "<group>";
		};
		C37FDA631AAFEC61003AE3F1 /* delegate */ = {
			isa = PBXGroup;
			children = (
				C37FDA641AAFEC78003AE3F1 /* MapDelegate.swift */,
			);
			path = delegate;
			sourceTree = "<group>";
		};
/* End PBXGroup section */

/* Begin PBXNativeTarget section */
		20E0A11E1AAF3CF10031BAF1 /* AppleWatchHeartBeat */ = {
			isa = PBXNativeTarget;
			buildConfigurationList = 20E0A13E1AAF3CF10031BAF1 /* Build configuration list for PBXNativeTarget "AppleWatchHeartBeat" */;
			buildPhases = (
				20E0A11B1AAF3CF10031BAF1 /* Sources */,
				20E0A11C1AAF3CF10031BAF1 /* Frameworks */,
				20E0A11D1AAF3CF10031BAF1 /* Resources */,
				20E0A16A1AAF3D930031BAF1 /* Embed App Extensions */,
			);
			buildRules = (
			);
			dependencies = (
				20E0A1621AAF3D930031BAF1 /* PBXTargetDependency */,
			);
			name = AppleWatchHeartBeat;
			productName = AppleWatchHeartBeat;
			productReference = 20E0A11F1AAF3CF10031BAF1 /* AppleWatchHeartBeat.app */;
			productType = "com.apple.product-type.application";
		};
		20E0A1331AAF3CF10031BAF1 /* AppleWatchHeartBeatTests */ = {
			isa = PBXNativeTarget;
			buildConfigurationList = 20E0A1411AAF3CF10031BAF1 /* Build configuration list for PBXNativeTarget "AppleWatchHeartBeatTests" */;
			buildPhases = (
				20E0A1301AAF3CF10031BAF1 /* Sources */,
				20E0A1311AAF3CF10031BAF1 /* Frameworks */,
				20E0A1321AAF3CF10031BAF1 /* Resources */,
			);
			buildRules = (
			);
			dependencies = (
				20E0A1361AAF3CF10031BAF1 /* PBXTargetDependency */,
			);
			name = AppleWatchHeartBeatTests;
			productName = AppleWatchHeartBeatTests;
			productReference = 20E0A1341AAF3CF10031BAF1 /* AppleWatchHeartBeatTests.xctest */;
			productType = "com.apple.product-type.bundle.unit-test";
		};
		20E0A1471AAF3D920031BAF1 /* AppleWatchHeartBeat WatchKit Extension */ = {
			isa = PBXNativeTarget;
			buildConfigurationList = 20E0A1671AAF3D930031BAF1 /* Build configuration list for PBXNativeTarget "AppleWatchHeartBeat WatchKit Extension" */;
			buildPhases = (
				20E0A1441AAF3D920031BAF1 /* Sources */,
				20E0A1451AAF3D920031BAF1 /* Frameworks */,
				20E0A1461AAF3D920031BAF1 /* Resources */,
			);
			buildRules = (
			);
			dependencies = (
				20E0A1581AAF3D920031BAF1 /* PBXTargetDependency */,
			);
			name = "AppleWatchHeartBeat WatchKit Extension";
			productName = "AppleWatchHeartBeat WatchKit Extension";
			productReference = 20E0A1481AAF3D920031BAF1 /* AppleWatchHeartBeat WatchKit Extension.appex */;
			productType = "com.apple.product-type.watchkit-extension";
		};
		20E0A1541AAF3D920031BAF1 /* AppleWatchHeartBeat WatchKit App */ = {
			isa = PBXNativeTarget;
			buildConfigurationList = 20E0A1641AAF3D930031BAF1 /* Build configuration list for PBXNativeTarget "AppleWatchHeartBeat WatchKit App" */;
			buildPhases = (
				20E0A1531AAF3D920031BAF1 /* Resources */,
			);
			buildRules = (
			);
			dependencies = (
			);
			name = "AppleWatchHeartBeat WatchKit App";
			productName = "AppleWatchHeartBeat WatchKit App";
			productReference = 20E0A1551AAF3D920031BAF1 /* AppleWatchHeartBeat WatchKit App.app */;
			productType = "com.apple.product-type.application.watchapp";
		};
/* End PBXNativeTarget section */

/* Begin PBXProject section */
		20E0A1171AAF3CF10031BAF1 /* Project object */ = {
			isa = PBXProject;
			attributes = {
				LastUpgradeCheck = 0620;
				ORGANIZATIONNAME = "Yu Yokoyama";
				TargetAttributes = {
					20E0A11E1AAF3CF10031BAF1 = {
						CreatedOnToolsVersion = 6.2;
						DevelopmentTeam = 654RUZ9SAH;
						SystemCapabilities = {
							com.apple.ApplicationGroups.iOS = {
								enabled = 1;
							};
							com.apple.HealthKit = {
								enabled = 1;
							};
						};
					};
					20E0A1331AAF3CF10031BAF1 = {
						CreatedOnToolsVersion = 6.2;
						TestTargetID = 20E0A11E1AAF3CF10031BAF1;
					};
					20E0A1471AAF3D920031BAF1 = {
						CreatedOnToolsVersion = 6.2;
						DevelopmentTeam = 654RUZ9SAH;
						SystemCapabilities = {
							com.apple.ApplicationGroups.iOS = {
								enabled = 1;
							};
							com.apple.HealthKit = {
								enabled = 1;
							};
						};
					};
					20E0A1541AAF3D920031BAF1 = {
						CreatedOnToolsVersion = 6.2;
						DevelopmentTeam = 654RUZ9SAH;
					};
				};
			};
			buildConfigurationList = 20E0A11A1AAF3CF10031BAF1 /* Build configuration list for PBXProject "AppleWatchHeartBeat" */;
			compatibilityVersion = "Xcode 3.2";
			developmentRegion = English;
			hasScannedForEncodings = 0;
			knownRegions = (
				en,
				Base,
			);
			mainGroup = 20E0A1161AAF3CF10031BAF1;
			productRefGroup = 20E0A1201AAF3CF10031BAF1 /* Products */;
			projectDirPath = "";
			projectRoot = "";
			targets = (
				20E0A11E1AAF3CF10031BAF1 /* AppleWatchHeartBeat */,
				20E0A1331AAF3CF10031BAF1 /* AppleWatchHeartBeatTests */,
				20E0A1471AAF3D920031BAF1 /* AppleWatchHeartBeat WatchKit Extension */,
				20E0A1541AAF3D920031BAF1 /* AppleWatchHeartBeat WatchKit App */,
			);
		};
/* End PBXProject section */

/* Begin PBXResourcesBuildPhase section */
		20E0A11D1AAF3CF10031BAF1 /* Resources */ = {
			isa = PBXResourcesBuildPhase;
			buildActionMask = 2147483647;
			files = (
				20E0A12A1AAF3CF10031BAF1 /* Main.storyboard in Resources */,
				20E0A12F1AAF3CF10031BAF1 /* LaunchScreen.xib in Resources */,
				20E0A12C1AAF3CF10031BAF1 /* Images.xcassets in Resources */,
			);
			runOnlyForDeploymentPostprocessing = 0;
		};
		20E0A1321AAF3CF10031BAF1 /* Resources */ = {
			isa = PBXResourcesBuildPhase;
			buildActionMask = 2147483647;
			files = (
			);
			runOnlyForDeploymentPostprocessing = 0;
		};
		20E0A1461AAF3D920031BAF1 /* Resources */ = {
			isa = PBXResourcesBuildPhase;
			buildActionMask = 2147483647;
			files = (
				20E0A1561AAF3D920031BAF1 /* AppleWatchHeartBeat WatchKit App.app in Resources */,
				20E0A1521AAF3D920031BAF1 /* Images.xcassets in Resources */,
			);
			runOnlyForDeploymentPostprocessing = 0;
		};
		20E0A1531AAF3D920031BAF1 /* Resources */ = {
			isa = PBXResourcesBuildPhase;
			buildActionMask = 2147483647;
			files = (
				20E0A15E1AAF3D930031BAF1 /* Interface.storyboard in Resources */,
				20E0A1601AAF3D930031BAF1 /* Images.xcassets in Resources */,
			);
			runOnlyForDeploymentPostprocessing = 0;
		};
/* End PBXResourcesBuildPhase section */

/* Begin PBXSourcesBuildPhase section */
		20E0A11B1AAF3CF10031BAF1 /* Sources */ = {
			isa = PBXSourcesBuildPhase;
			buildActionMask = 2147483647;
			files = (
				20E0A1271AAF3CF10031BAF1 /* ViewController.swift in Sources */,
				20E0A1251AAF3CF10031BAF1 /* AppDelegate.swift in Sources */,
			);
			runOnlyForDeploymentPostprocessing = 0;
		};
		20E0A1301AAF3CF10031BAF1 /* Sources */ = {
			isa = PBXSourcesBuildPhase;
			buildActionMask = 2147483647;
			files = (
				20E0A13B1AAF3CF10031BAF1 /* AppleWatchHeartBeatTests.swift in Sources */,
			);
			runOnlyForDeploymentPostprocessing = 0;
		};
		20E0A1441AAF3D920031BAF1 /* Sources */ = {
			isa = PBXSourcesBuildPhase;
			buildActionMask = 2147483647;
			files = (
				C348295D1AAFF4AD00E2542F /* MapConfig.swift in Sources */,
				C365DF291AAFE955000ABF21 /* AloeTween.swift in Sources */,
				C365DF2B1AAFE971000ABF21 /* Twen.swift in Sources */,
				C365DF231AAFDACB000ABF21 /* MapModel.swift in Sources */,
				C34829581AAFF2DF00E2542F /* Node.swift in Sources */,
				20E0A1501AAF3D920031BAF1 /* NotificationController.swift in Sources */,
				20E0A14E1AAF3D920031BAF1 /* InterfaceController.swift in Sources */,
				C37FDA651AAFEC78003AE3F1 /* MapDelegate.swift in Sources */,
				C365DF271AAFE93C000ABF21 /* AloeEase.swift in Sources */,
				C365DF201AAFD77F000ABF21 /* DrawUtil.swift in Sources */,
			);
			runOnlyForDeploymentPostprocessing = 0;
		};
/* End PBXSourcesBuildPhase section */

/* Begin PBXTargetDependency section */
		20E0A1361AAF3CF10031BAF1 /* PBXTargetDependency */ = {
			isa = PBXTargetDependency;
			target = 20E0A11E1AAF3CF10031BAF1 /* AppleWatchHeartBeat */;
			targetProxy = 20E0A1351AAF3CF10031BAF1 /* PBXContainerItemProxy */;
		};
		20E0A1581AAF3D920031BAF1 /* PBXTargetDependency */ = {
			isa = PBXTargetDependency;
			target = 20E0A1541AAF3D920031BAF1 /* AppleWatchHeartBeat WatchKit App */;
			targetProxy = 20E0A1571AAF3D920031BAF1 /* PBXContainerItemProxy */;
		};
		20E0A1621AAF3D930031BAF1 /* PBXTargetDependency */ = {
			isa = PBXTargetDependency;
			target = 20E0A1471AAF3D920031BAF1 /* AppleWatchHeartBeat WatchKit Extension */;
			targetProxy = 20E0A1611AAF3D930031BAF1 /* PBXContainerItemProxy */;
		};
/* End PBXTargetDependency section */

/* Begin PBXVariantGroup section */
		20E0A1281AAF3CF10031BAF1 /* Main.storyboard */ = {
			isa = PBXVariantGroup;
			children = (
				20E0A1291AAF3CF10031BAF1 /* Base */,
			);
			name = Main.storyboard;
			sourceTree = "<group>";
		};
		20E0A12D1AAF3CF10031BAF1 /* LaunchScreen.xib */ = {
			isa = PBXVariantGroup;
			children = (
				20E0A12E1AAF3CF10031BAF1 /* Base */,
			);
			name = LaunchScreen.xib;
			sourceTree = "<group>";
		};
		20E0A15C1AAF3D930031BAF1 /* Interface.storyboard */ = {
			isa = PBXVariantGroup;
			children = (
				20E0A15D1AAF3D930031BAF1 /* Base */,
			);
			name = Interface.storyboard;
			sourceTree = "<group>";
		};
/* End PBXVariantGroup section */

/* Begin XCBuildConfiguration section */
		20E0A13C1AAF3CF10031BAF1 /* Debug */ = {
			isa = XCBuildConfiguration;
			buildSettings = {
				ALWAYS_SEARCH_USER_PATHS = NO;
				CLANG_CXX_LANGUAGE_STANDARD = "gnu++0x";
				CLANG_CXX_LIBRARY = "libc++";
				CLANG_ENABLE_MODULES = YES;
				CLANG_ENABLE_OBJC_ARC = YES;
				CLANG_WARN_BOOL_CONVERSION = YES;
				CLANG_WARN_CONSTANT_CONVERSION = YES;
				CLANG_WARN_DIRECT_OBJC_ISA_USAGE = YES_ERROR;
				CLANG_WARN_EMPTY_BODY = YES;
				CLANG_WARN_ENUM_CONVERSION = YES;
				CLANG_WARN_INT_CONVERSION = YES;
				CLANG_WARN_OBJC_ROOT_CLASS = YES_ERROR;
				CLANG_WARN_UNREACHABLE_CODE = YES;
				CLANG_WARN__DUPLICATE_METHOD_MATCH = YES;
				"CODE_SIGN_IDENTITY[sdk=iphoneos*]" = "iPhone Developer";
				COPY_PHASE_STRIP = NO;
				ENABLE_STRICT_OBJC_MSGSEND = YES;
				GCC_C_LANGUAGE_STANDARD = gnu99;
				GCC_DYNAMIC_NO_PIC = NO;
				GCC_OPTIMIZATION_LEVEL = 0;
				GCC_PREPROCESSOR_DEFINITIONS = (
					"DEBUG=1",
					"$(inherited)",
				);
				GCC_SYMBOLS_PRIVATE_EXTERN = NO;
				GCC_WARN_64_TO_32_BIT_CONVERSION = YES;
				GCC_WARN_ABOUT_RETURN_TYPE = YES_ERROR;
				GCC_WARN_UNDECLARED_SELECTOR = YES;
				GCC_WARN_UNINITIALIZED_AUTOS = YES_AGGRESSIVE;
				GCC_WARN_UNUSED_FUNCTION = YES;
				GCC_WARN_UNUSED_VARIABLE = YES;
				IPHONEOS_DEPLOYMENT_TARGET = 8.2;
				MTL_ENABLE_DEBUG_INFO = YES;
				ONLY_ACTIVE_ARCH = YES;
				SDKROOT = iphoneos;
				SWIFT_OPTIMIZATION_LEVEL = "-Onone";
			};
			name = Debug;
		};
		20E0A13D1AAF3CF10031BAF1 /* Release */ = {
			isa = XCBuildConfiguration;
			buildSettings = {
				ALWAYS_SEARCH_USER_PATHS = NO;
				CLANG_CXX_LANGUAGE_STANDARD = "gnu++0x";
				CLANG_CXX_LIBRARY = "libc++";
				CLANG_ENABLE_MODULES = YES;
				CLANG_ENABLE_OBJC_ARC = YES;
				CLANG_WARN_BOOL_CONVERSION = YES;
				CLANG_WARN_CONSTANT_CONVERSION = YES;
				CLANG_WARN_DIRECT_OBJC_ISA_USAGE = YES_ERROR;
				CLANG_WARN_EMPTY_BODY = YES;
				CLANG_WARN_ENUM_CONVERSION = YES;
				CLANG_WARN_INT_CONVERSION = YES;
				CLANG_WARN_OBJC_ROOT_CLASS = YES_ERROR;
				CLANG_WARN_UNREACHABLE_CODE = YES;
				CLANG_WARN__DUPLICATE_METHOD_MATCH = YES;
				"CODE_SIGN_IDENTITY[sdk=iphoneos*]" = "iPhone Developer";
				COPY_PHASE_STRIP = NO;
				ENABLE_NS_ASSERTIONS = NO;
				ENABLE_STRICT_OBJC_MSGSEND = YES;
				GCC_C_LANGUAGE_STANDARD = gnu99;
				GCC_WARN_64_TO_32_BIT_CONVERSION = YES;
				GCC_WARN_ABOUT_RETURN_TYPE = YES_ERROR;
				GCC_WARN_UNDECLARED_SELECTOR = YES;
				GCC_WARN_UNINITIALIZED_AUTOS = YES_AGGRESSIVE;
				GCC_WARN_UNUSED_FUNCTION = YES;
				GCC_WARN_UNUSED_VARIABLE = YES;
				IPHONEOS_DEPLOYMENT_TARGET = 8.2;
				MTL_ENABLE_DEBUG_INFO = NO;
				SDKROOT = iphoneos;
				VALIDATE_PRODUCT = YES;
			};
			name = Release;
		};
		20E0A13F1AAF3CF10031BAF1 /* Debug */ = {
			isa = XCBuildConfiguration;
			buildSettings = {
				ASSETCATALOG_COMPILER_APPICON_NAME = AppIcon;
				CODE_SIGN_ENTITLEMENTS = AppleWatchHeartBeat/AppleWatchHeartBeat.entitlements;
				CODE_SIGN_IDENTITY = "iPhone Developer";
				"CODE_SIGN_IDENTITY[sdk=iphoneos*]" = "iPhone Developer";
				EMBEDDED_CONTENT_CONTAINS_SWIFT = YES;
				INFOPLIST_FILE = AppleWatchHeartBeat/Info.plist;
				LD_RUNPATH_SEARCH_PATHS = "$(inherited) @executable_path/Frameworks";
				PRODUCT_NAME = "$(TARGET_NAME)";
				PROVISIONING_PROFILE = "";
			};
			name = Debug;
		};
		20E0A1401AAF3CF10031BAF1 /* Release */ = {
			isa = XCBuildConfiguration;
			buildSettings = {
				ASSETCATALOG_COMPILER_APPICON_NAME = AppIcon;
				CODE_SIGN_ENTITLEMENTS = AppleWatchHeartBeat/AppleWatchHeartBeat.entitlements;
				CODE_SIGN_IDENTITY = "iPhone Developer";
				"CODE_SIGN_IDENTITY[sdk=iphoneos*]" = "iPhone Developer";
				EMBEDDED_CONTENT_CONTAINS_SWIFT = YES;
				INFOPLIST_FILE = AppleWatchHeartBeat/Info.plist;
				LD_RUNPATH_SEARCH_PATHS = "$(inherited) @executable_path/Frameworks";
				PRODUCT_NAME = "$(TARGET_NAME)";
				PROVISIONING_PROFILE = "";
			};
			name = Release;
		};
		20E0A1421AAF3CF10031BAF1 /* Debug */ = {
			isa = XCBuildConfiguration;
			buildSettings = {
				BUNDLE_LOADER = "$(TEST_HOST)";
				FRAMEWORK_SEARCH_PATHS = (
					"$(SDKROOT)/Developer/Library/Frameworks",
					"$(inherited)",
				);
				GCC_PREPROCESSOR_DEFINITIONS = (
					"DEBUG=1",
					"$(inherited)",
				);
				INFOPLIST_FILE = AppleWatchHeartBeatTests/Info.plist;
				LD_RUNPATH_SEARCH_PATHS = "$(inherited) @executable_path/Frameworks @loader_path/Frameworks";
				PRODUCT_NAME = "$(TARGET_NAME)";
				TEST_HOST = "$(BUILT_PRODUCTS_DIR)/AppleWatchHeartBeat.app/AppleWatchHeartBeat";
			};
			name = Debug;
		};
		20E0A1431AAF3CF10031BAF1 /* Release */ = {
			isa = XCBuildConfiguration;
			buildSettings = {
				BUNDLE_LOADER = "$(TEST_HOST)";
				FRAMEWORK_SEARCH_PATHS = (
					"$(SDKROOT)/Developer/Library/Frameworks",
					"$(inherited)",
				);
				INFOPLIST_FILE = AppleWatchHeartBeatTests/Info.plist;
				LD_RUNPATH_SEARCH_PATHS = "$(inherited) @executable_path/Frameworks @loader_path/Frameworks";
				PRODUCT_NAME = "$(TARGET_NAME)";
				TEST_HOST = "$(BUILT_PRODUCTS_DIR)/AppleWatchHeartBeat.app/AppleWatchHeartBeat";
			};
			name = Release;
		};
		20E0A1651AAF3D930031BAF1 /* Debug */ = {
			isa = XCBuildConfiguration;
			buildSettings = {
				ASSETCATALOG_COMPILER_APPICON_NAME = AppIcon;
				CODE_SIGN_IDENTITY = "iPhone Developer";
				GCC_PREPROCESSOR_DEFINITIONS = (
					"DEBUG=1",
					"$(inherited)",
				);
				IBSC_MODULE = AppleWatchHeartBeat_WatchKit_Extension;
				INFOPLIST_FILE = "AppleWatchHeartBeat WatchKit App/Info.plist";
				PRODUCT_NAME = "$(TARGET_NAME)";
				SKIP_INSTALL = YES;
				TARGETED_DEVICE_FAMILY = 4;
				"TARGETED_DEVICE_FAMILY[sdk=iphonesimulator*]" = "1,4";
			};
			name = Debug;
		};
		20E0A1661AAF3D930031BAF1 /* Release */ = {
			isa = XCBuildConfiguration;
			buildSettings = {
				ASSETCATALOG_COMPILER_APPICON_NAME = AppIcon;
				CODE_SIGN_IDENTITY = "iPhone Developer";
				IBSC_MODULE = AppleWatchHeartBeat_WatchKit_Extension;
				INFOPLIST_FILE = "AppleWatchHeartBeat WatchKit App/Info.plist";
				PRODUCT_NAME = "$(TARGET_NAME)";
				SKIP_INSTALL = YES;
				TARGETED_DEVICE_FAMILY = 4;
				"TARGETED_DEVICE_FAMILY[sdk=iphonesimulator*]" = "1,4";
			};
			name = Release;
		};
		20E0A1681AAF3D930031BAF1 /* Debug */ = {
			isa = XCBuildConfiguration;
			buildSettings = {
				CODE_SIGN_ENTITLEMENTS = "AppleWatchHeartBeat WatchKit Extension/AppleWatchHeartBeat WatchKit Extension.entitlements";
				CODE_SIGN_IDENTITY = "iPhone Developer";
				"CODE_SIGN_IDENTITY[sdk=iphoneos*]" = "iPhone Developer";
				GCC_PREPROCESSOR_DEFINITIONS = (
					"DEBUG=1",
					"$(inherited)",
				);
				INFOPLIST_FILE = "AppleWatchHeartBeat WatchKit Extension/Info.plist";
				LD_RUNPATH_SEARCH_PATHS = "$(inherited) @executable_path/Frameworks @executable_path/../../Frameworks";
				PRODUCT_NAME = "${TARGET_NAME}";
				PROVISIONING_PROFILE = "";
				SKIP_INSTALL = YES;
			};
			name = Debug;
		};
		20E0A1691AAF3D930031BAF1 /* Release */ = {
			isa = XCBuildConfiguration;
			buildSettings = {
				CODE_SIGN_ENTITLEMENTS = "AppleWatchHeartBeat WatchKit Extension/AppleWatchHeartBeat WatchKit Extension.entitlements";
				CODE_SIGN_IDENTITY = "iPhone Developer";
				"CODE_SIGN_IDENTITY[sdk=iphoneos*]" = "iPhone Developer";
				INFOPLIST_FILE = "AppleWatchHeartBeat WatchKit Extension/Info.plist";
				LD_RUNPATH_SEARCH_PATHS = "$(inherited) @executable_path/Frameworks @executable_path/../../Frameworks";
				PRODUCT_NAME = "${TARGET_NAME}";
				PROVISIONING_PROFILE = "";
				SKIP_INSTALL = YES;
			};
			name = Release;
		};
/* End XCBuildConfiguration section */

/* Begin XCConfigurationList section */
		20E0A11A1AAF3CF10031BAF1 /* Build configuration list for PBXProject "AppleWatchHeartBeat" */ = {
			isa = XCConfigurationList;
			buildConfigurations = (
				20E0A13C1AAF3CF10031BAF1 /* Debug */,
				20E0A13D1AAF3CF10031BAF1 /* Release */,
			);
			defaultConfigurationIsVisible = 0;
			defaultConfigurationName = Release;
		};
		20E0A13E1AAF3CF10031BAF1 /* Build configuration list for PBXNativeTarget "AppleWatchHeartBeat" */ = {
			isa = XCConfigurationList;
			buildConfigurations = (
				20E0A13F1AAF3CF10031BAF1 /* Debug */,
				20E0A1401AAF3CF10031BAF1 /* Release */,
			);
			defaultConfigurationIsVisible = 0;
			defaultConfigurationName = Release;
		};
		20E0A1411AAF3CF10031BAF1 /* Build configuration list for PBXNativeTarget "AppleWatchHeartBeatTests" */ = {
			isa = XCConfigurationList;
			buildConfigurations = (
				20E0A1421AAF3CF10031BAF1 /* Debug */,
				20E0A1431AAF3CF10031BAF1 /* Release */,
			);
			defaultConfigurationIsVisible = 0;
			defaultConfigurationName = Release;
		};
		20E0A1641AAF3D930031BAF1 /* Build configuration list for PBXNativeTarget "AppleWatchHeartBeat WatchKit App" */ = {
			isa = XCConfigurationList;
			buildConfigurations = (
				20E0A1651AAF3D930031BAF1 /* Debug */,
				20E0A1661AAF3D930031BAF1 /* Release */,
			);
			defaultConfigurationIsVisible = 0;
			defaultConfigurationName = Release;
		};
		20E0A1671AAF3D930031BAF1 /* Build configuration list for PBXNativeTarget "AppleWatchHeartBeat WatchKit Extension" */ = {
			isa = XCConfigurationList;
			buildConfigurations = (
				20E0A1681AAF3D930031BAF1 /* Debug */,
				20E0A1691AAF3D930031BAF1 /* Release */,
			);
			defaultConfigurationIsVisible = 0;
			defaultConfigurationName = Release;
		};
/* End XCConfigurationList section */
	};
	rootObject = 20E0A1171AAF3CF10031BAF1 /* Project object */;
}
